
Microsoft Visual Studio Solution File, Format Version 12.00
# Visual Studio Version 17
Project("{8BC9CEB8-8B4A-11D0-8D11-00A0C91BC942}") = "ALL_BUILD", "ALL_BUILD.vcxproj", "{BB9A957F-E096-390D-97B2-AAE309FD2EF3}"
	ProjectSection(ProjectDependencies) = postProject
		{A7D236AD-038A-31F6-9AEF-83237E8433E1} = {A7D236AD-038A-31F6-9AEF-83237E8433E1}
		{BB7C88F9-2F53-38DA-A041-26DE306F752A} = {BB7C88F9-2F53-38DA-A041-26DE306F752A}
		{D715F2B1-22C5-3453-8906-A390F514AC9C} = {D715F2B1-22C5-3453-8906-A390F514AC9C}
		{DBE88869-BF56-3241-B699-6808EE94F816} = {DBE88869-BF56-3241-B699-6808EE94F816}
		{B8131FD9-88FA-358A-9AE4-07ACD65CC3D4} = {B8131FD9-88FA-358A-9AE4-07ACD65CC3D4}
	EndProjectSection
EndProject
Project("{8BC9CEB8-8B4A-11D0-8D11-00A0C91BC942}") = "INSTALL", "INSTALL.vcxproj", "{4322839D-B5C3-3D88-AA89-E62383347468}"
	ProjectSection(ProjectDependencies) = postProject
		{BB9A957F-E096-390D-97B2-AAE309FD2EF3} = {BB9A957F-E096-390D-97B2-AAE309FD2EF3}
	EndProjectSection
EndProject
Project("{8BC9CEB8-8B4A-11D0-8D11-00A0C91BC942}") = "apod_api", "apod_api.vcxproj", "{A7D236AD-038A-31F6-9AEF-83237E8433E1}"
	ProjectSection(ProjectDependencies) = postProject
		{DBE88869-BF56-3241-B699-6808EE94F816} = {DBE88869-BF56-3241-B699-6808EE94F816}
		{B8131FD9-88FA-358A-9AE4-07ACD65CC3D4} = {B8131FD9-88FA-358A-9AE4-07ACD65CC3D4}
	EndProjectSection
EndProject
Project("{8BC9CEB8-8B4A-11D0-8D11-00A0C91BC942}") = "gmock", "_deps\googletest-build\googlemock\gmock.vcxproj", "{BB7C88F9-2F53-38DA-A041-26DE306F752A}"
	ProjectSection(ProjectDependencies) = postProject
	EndProjectSection
EndProject
Project("{8BC9CEB8-8B4A-11D0-8D11-00A0C91BC942}") = "gmock_main", "_deps\googletest-build\googlemock\gmock_main.vcxproj", "{D715F2B1-22C5-3453-8906-A390F514AC9C}"
	ProjectSection(ProjectDependencies) = postProject
	EndProjectSection
EndProject
Project("{8BC9CEB8-8B4A-11D0-8D11-00A0C91BC942}") = "gtest", "_deps\googletest-build\googletest\gtest.vcxproj", "{DBE88869-BF56-3241-B699-6808EE94F816}"
	ProjectSection(ProjectDependencies) = postProject
	EndProjectSection
EndProject
Project("{8BC9CEB8-8B4A-11D0-8D11-00A0C91BC942}") = "gtest_main", "_deps\googletest-build\googletest\gtest_main.vcxproj", "{B8131FD9-88FA-358A-9AE4-07ACD65CC3D4}"
	ProjectSection(ProjectDependencies) = postProject
		{DBE88869-BF56-3241-B699-6808EE94F816} = {DBE88869-BF56-3241-B699-6808EE94F816}
	EndProjectSection
EndProject
Global
	GlobalSection(SolutionConfigurationPlatforms) = preSolution
		Debug|x64 = Debug|x64
		Release|x64 = Release|x64
		MinSizeRel|x64 = MinSizeRel|x64
		RelWithDebInfo|x64 = RelWithDebInfo|x64
	EndGlobalSection
	GlobalSection(ProjectConfigurationPlatforms) = postSolution
		{BB9A957F-E096-390D-97B2-AAE309FD2EF3}.Debug|x64.ActiveCfg = Debug|x64
		{BB9A957F-E096-390D-97B2-AAE309FD2EF3}.Debug|x64.Build.0 = Debug|x64
		{BB9A957F-E096-390D-97B2-AAE309FD2EF3}.Release|x64.ActiveCfg = Release|x64
		{BB9A957F-E096-390D-97B2-AAE309FD2EF3}.Release|x64.Build.0 = Release|x64
		{BB9A957F-E096-390D-97B2-AAE309FD2EF3}.MinSizeRel|x64.ActiveCfg = MinSizeRel|x64
		{BB9A957F-E096-390D-97B2-AAE309FD2EF3}.MinSizeRel|x64.Build.0 = MinSizeRel|x64
		{BB9A957F-E096-390D-97B2-AAE309FD2EF3}.RelWithDebInfo|x64.ActiveCfg = RelWithDebInfo|x64
		{BB9A957F-E096-390D-97B2-AAE309FD2EF3}.RelWithDebInfo|x64.Build.0 = RelWithDebInfo|x64
		{4322839D-B5C3-3D88-AA89-E62383347468}.Debug|x64.ActiveCfg = Debug|x64
		{4322839D-B5C3-3D88-AA89-E62383347468}.Release|x64.ActiveCfg = Release|x64
		{4322839D-B5C3-3D88-AA89-E62383347468}.MinSizeRel|x64.ActiveCfg = MinSizeRel|x64
		{4322839D-B5C3-3D88-AA89-E62383347468}.RelWithDebInfo|x64.ActiveCfg = RelWithDebInfo|x64
		{A7D236AD-038A-31F6-9AEF-83237E8433E1}.Debug|x64.ActiveCfg = Debug|x64
		{A7D236AD-038A-31F6-9AEF-83237E8433E1}.Debug|x64.Build.0 = Debug|x64
		{A7D236AD-038A-31F6-9AEF-83237E8433E1}.Release|x64.ActiveCfg = Release|x64
		{A7D236AD-038A-31F6-9AEF-83237E8433E1}.Release|x64.Build.0 = Release|x64
		{A7D236AD-038A-31F6-9AEF-83237E8433E1}.MinSizeRel|x64.ActiveCfg = MinSizeRel|x64
		{A7D236AD-038A-31F6-9AEF-83237E8433E1}.MinSizeRel|x64.Build.0 = MinSizeRel|x64
		{A7D236AD-038A-31F6-9AEF-83237E8433E1}.RelWithDebInfo|x64.ActiveCfg = RelWithDebInfo|x64
		{A7D236AD-038A-31F6-9AEF-83237E8433E1}.RelWithDebInfo|x64.Build.0 = RelWithDebInfo|x64
		{BB7C88F9-2F53-38DA-A041-26DE306F752A}.Debug|x64.ActiveCfg = Debug|x64
		{BB7C88F9-2F53-38DA-A041-26DE306F752A}.Debug|x64.Build.0 = Debug|x64
		{BB7C88F9-2F53-38DA-A041-26DE306F752A}.Release|x64.ActiveCfg = Release|x64
		{BB7C88F9-2F53-38DA-A041-26DE306F752A}.Release|x64.Build.0 = Release|x64
		{BB7C88F9-2F53-38DA-A041-26DE306F752A}.MinSizeRel|x64.ActiveCfg = MinSizeRel|x64
		{BB7C88F9-2F53-38DA-A041-26DE306F752A}.MinSizeRel|x64.Build.0 = MinSizeRel|x64
		{BB7C88F9-2F53-38DA-A041-26DE306F752A}.RelWithDebInfo|x64.ActiveCfg = RelWithDebInfo|x64
		{BB7C88F9-2F53-38DA-A041-26DE306F752A}.RelWithDebInfo|x64.Build.0 = RelWithDebInfo|x64
		{D715F2B1-22C5-3453-8906-A390F514AC9C}.Debug|x64.ActiveCfg = Debug|x64
		{D715F2B1-22C5-3453-8906-A390F514AC9C}.Debug|x64.Build.0 = Debug|x64
		{D715F2B1-22C5-3453-8906-A390F514AC9C}.Release|x64.ActiveCfg = Release|x64
		{D715F2B1-22C5-3453-8906-A390F514AC9C}.Release|x64.Build.0 = Release|x64
		{D715F2B1-22C5-3453-8906-A390F514AC9C}.MinSizeRel|x64.ActiveCfg = MinSizeRel|x64
		{D715F2B1-22C5-3453-8906-A390F514AC9C}.MinSizeRel|x64.Build.0 = MinSizeRel|x64
		{D715F2B1-22C5-3453-8906-A390F514AC9C}.RelWithDebInfo|x64.ActiveCfg = RelWithDebInfo|x64
		{D715F2B1-22C5-3453-8906-A390F514AC9C}.RelWithDebInfo|x64.Build.0 = RelWithDebInfo|x64
		{DBE88869-BF56-3241-B699-6808EE94F816}.Debug|x64.ActiveCfg = Debug|x64
		{DBE88869-BF56-3241-B699-6808EE94F816}.Debug|x64.Build.0 = Debug|x64
		{DBE88869-BF56-3241-B699-6808EE94F816}.Release|x64.ActiveCfg = Release|x64
		{DBE88869-BF56-3241-B699-6808EE94F816}.Release|x64.Build.0 = Release|x64
		{DBE88869-BF56-3241-B699-6808EE94F816}.MinSizeRel|x64.ActiveCfg = MinSizeRel|x64
		{DBE88869-BF56-3241-B699-6808EE94F816}.MinSizeRel|x64.Build.0 = MinSizeRel|x64
		{DBE88869-BF56-3241-B699-6808EE94F816}.RelWithDebInfo|x64.ActiveCfg = RelWithDebInfo|x64
		{DBE88869-BF56-3241-B699-6808EE94F816}.RelWithDebInfo|x64.Build.0 = RelWithDebInfo|x64
		{B8131FD9-88FA-358A-9AE4-07ACD65CC3D4}.Debug|x64.ActiveCfg = Debug|x64
		{B8131FD9-88FA-358A-9AE4-07ACD65CC3D4}.Debug|x64.Build.0 = Debug|x64
		{B8131FD9-88FA-358A-9AE4-07ACD65CC3D4}.Release|x64.ActiveCfg = Release|x64
		{B8131FD9-88FA-358A-9AE4-07ACD65CC3D4}.Release|x64.Build.0 = Release|x64
		{B8131FD9-88FA-358A-9AE4-07ACD65CC3D4}.MinSizeRel|x64.ActiveCfg = MinSizeRel|x64
		{B8131FD9-88FA-358A-9AE4-07ACD65CC3D4}.MinSizeRel|x64.Build.0 = MinSizeRel|x64
		{B8131FD9-88FA-358A-9AE4-07ACD65CC3D4}.RelWithDebInfo|x64.ActiveCfg = RelWithDebInfo|x64
		{B8131FD9-88FA-358A-9AE4-07ACD65CC3D4}.RelWithDebInfo|x64.Build.0 = RelWithDebInfo|x64
	EndGlobalSection
	GlobalSection(ExtensibilityGlobals) = postSolution
		SolutionGuid = {491998B8-9103-3BBF-B782-083BEE01F483}
	EndGlobalSection
	GlobalSection(ExtensibilityAddIns) = postSolution
	EndGlobalSection
EndGlobal
